
Microsoft Visual Studio Solution File, Format Version 12.00
# Visual Studio Version 17
VisualStudioVersion = 17.8.34511.84
MinimumVisualStudioVersion = 10.0.40219.1
Project("{9A19103F-16F7-4668-BE54-9A1E7A4F7556}") = "MotoRentalApi", "MotoRentalApi.csproj", "{78D5E717-5A32-476E-8007-194A3FCE610A}"
EndProject
Project("{FAE04EC0-301F-11D3-BF4B-00C04F79EFBC}") = "MotoRentalApi.Tests", "..\MotoRentalApi.Tests\MotoRentalApi.Tests.csproj", "{C2823298-5974-4B6C-8B9D-27648F54B952}"
EndProject
Global
	GlobalSection(SolutionConfigurationPlatforms) = preSolution
		Debug|Any CPU = Debug|Any CPU
		Release|Any CPU = Release|Any CPU
	EndGlobalSection
	GlobalSection(ProjectConfigurationPlatforms) = postSolution
		{78D5E717-5A32-476E-8007-194A3FCE610A}.Debug|Any CPU.ActiveCfg = Debug|Any CPU
		{78D5E717-5A32-476E-8007-194A3FCE610A}.Debug|Any CPU.Build.0 = Debug|Any CPU
		{78D5E717-5A32-476E-8007-194A3FCE610A}.Release|Any CPU.ActiveCfg = Release|Any CPU
		{78D5E717-5A32-476E-8007-194A3FCE610A}.Release|Any CPU.Build.0 = Release|Any CPU
		{C2823298-5974-4B6C-8B9D-27648F54B952}.Debug|Any CPU.ActiveCfg = Debug|Any CPU
		{C2823298-5974-4B6C-8B9D-27648F54B952}.Debug|Any CPU.Build.0 = Debug|Any CPU
		{C2823298-5974-4B6C-8B9D-27648F54B952}.Release|Any CPU.ActiveCfg = Release|Any CPU
		{C2823298-5974-4B6C-8B9D-27648F54B952}.Release|Any CPU.Build.0 = Release|Any CPU
	EndGlobalSection
	GlobalSection(SolutionProperties) = preSolution
		HideSolutionNode = FALSE
	EndGlobalSection
	GlobalSection(ExtensibilityGlobals) = postSolution
		SolutionGuid = {B0F8D0CC-4709-4EE9-A701-DB8AF91A2685}
	EndGlobalSection
EndGlobal
